
Microsoft Visual Studio Solution File, Format Version 12.00
# Visual Studio Version 17
VisualStudioVersion = 17.3.32929.385
MinimumVisualStudioVersion = 10.0.40219.1
Project("{FAE04EC0-301F-11D3-BF4B-00C04F79EFBC}") = "WebbyAPI", "WebbyAPI\WebbyAPI.csproj", "{71D76942-8BDF-4824-923A-D7C4AAC3F45D}"
EndProject
Global
	GlobalSection(SolutionConfigurationPlatforms) = preSolution
		Debug|Any CPU = Debug|Any CPU
		Release|Any CPU = Release|Any CPU
	EndGlobalSection
	GlobalSection(ProjectConfigurationPlatforms) = postSolution
		{71D76942-8BDF-4824-923A-D7C4AAC3F45D}.Debug|Any CPU.ActiveCfg = Debug|Any CPU
		{71D76942-8BDF-4824-923A-D7C4AAC3F45D}.Debug|Any CPU.Build.0 = Debug|Any CPU
		{71D76942-8BDF-4824-923A-D7C4AAC3F45D}.Release|Any CPU.ActiveCfg = Release|Any CPU
		{71D76942-8BDF-4824-923A-D7C4AAC3F45D}.Release|Any CPU.Build.0 = Release|Any CPU
	EndGlobalSection
	GlobalSection(SolutionProperties) = preSolution
		HideSolutionNode = FALSE
	EndGlobalSection
	GlobalSection(ExtensibilityGlobals) = postSolution
		SolutionGuid = {979417A6-2D3E-457B-A8DC-84378AE721CD}
	EndGlobalSection
EndGlobal
